
Microsoft Visual Studio Solution File, Format Version 12.00
# Visual Studio Version 16
VisualStudioVersion = 16.0.29613.14
MinimumVisualStudioVersion = 10.0.40219.1
Project("{FAE04EC0-301F-11D3-BF4B-00C04F79EFBC}") = "StateMachine", "StateMachine\StateMachine.csproj", "{864E1021-1E51-4559-A7EB-314DE86D63A4}"
EndProject
Global
	GlobalSection(SolutionConfigurationPlatforms) = preSolution
		Debug|Any CPU = Debug|Any CPU
		Release|Any CPU = Release|Any CPU
	EndGlobalSection
	GlobalSection(ProjectConfigurationPlatforms) = postSolution
		{864E1021-1E51-4559-A7EB-314DE86D63A4}.Debug|Any CPU.ActiveCfg = Debug|Any CPU
		{864E1021-1E51-4559-A7EB-314DE86D63A4}.Debug|Any CPU.Build.0 = Debug|Any CPU
		{864E1021-1E51-4559-A7EB-314DE86D63A4}.Release|Any CPU.ActiveCfg = Release|Any CPU
		{864E1021-1E51-4559-A7EB-314DE86D63A4}.Release|Any CPU.Build.0 = Release|Any CPU
	EndGlobalSection
	GlobalSection(SolutionProperties) = preSolution
		HideSolutionNode = FALSE
	EndGlobalSection
	GlobalSection(ExtensibilityGlobals) = postSolution
		SolutionGuid = {1171BEA2-43B7-4C4D-BC7B-05064102FC96}
	EndGlobalSection
EndGlobal
